Microsoft Visual Studio Solution File, Format Version 12.00
# Visual Studio 14
VisualStudioVersion = 14.0.25420.1
MinimumVisualStudioVersion = 10.0.40219.1
Project("{FAE04EC0-301F-11D3-BF4B-00C04F79EFBC}") = "prjIncident", "IncidentReporting\prjIncident.csproj", "{41E72F7E-990D-498A-B8F0-0CBAAB208E58}"
	ProjectSection(ProjectDependencies) = postProject
		{F2EFBF43-07B4-4565-8E14-0C2F55B9C827} = {F2EFBF43-07B4-4565-8E14-0C2F55B9C827}
		{4531F942-1652-4660-9B18-02B1116009A0} = {4531F942-1652-4660-9B18-02B1116009A0}
		{99220D3D-4722-432C-9681-ADFFF2065D68} = {99220D3D-4722-432C-9681-ADFFF2065D68}
		{B5D4A0EE-0D52-4EE8-829D-48DAF1E56B8E} = {B5D4A0EE-0D52-4EE8-829D-48DAF1E56B8E}
		{F852374C-22BA-4CB6-AA34-DA1A589B9D8D} = {F852374C-22BA-4CB6-AA34-DA1A589B9D8D}
		{A4C9E0B1-7C82-427A-80F1-B548B5A1B1E8} = {A4C9E0B1-7C82-427A-80F1-B548B5A1B1E8}
		{1A91E8F9-BEFF-4B66-98DF-4BFEE15FA39F} = {1A91E8F9-BEFF-4B66-98DF-4BFEE15FA39F}
		{72E5FF68-A339-4924-85D9-31C32EC540F6} = {72E5FF68-A339-4924-85D9-31C32EC540F6}
		{2104ADE2-996D-4769-B4EE-ADD2FAE011F8} = {2104ADE2-996D-4769-B4EE-ADD2FAE011F8}
		{9AD53694-7256-4635-AEEA-92FF88652713} = {9AD53694-7256-4635-AEEA-92FF88652713}
		{9BE0611B-C690-4268-AB56-81D679F07022} = {9BE0611B-C690-4268-AB56-81D679F07022}
		{4D15E9B3-ECF3-4267-99A4-83C25FFD8EC4} = {4D15E9B3-ECF3-4267-99A4-83C25FFD8EC4}
		{71513051-C991-499F-806D-E5A9007A70CA} = {71513051-C991-499F-806D-E5A9007A70CA}
		{AA62384B-9BEA-4FD8-8EE7-92F26CBD5BF8} = {AA62384B-9BEA-4FD8-8EE7-92F26CBD5BF8}
	EndProjectSection
EndProject
Project("{FAE04EC0-301F-11D3-BF4B-00C04F79EFBC}") = "TFDPTS", "PersonnelTrackingScheduling\TFDPTS.csproj", "{16C35667-7144-4646-8DE1-EBD3D9D6ED2F}"
	ProjectSection(ProjectDependencies) = postProject
		{F2EFBF43-07B4-4565-8E14-0C2F55B9C827} = {F2EFBF43-07B4-4565-8E14-0C2F55B9C827}
		{4531F942-1652-4660-9B18-02B1116009A0} = {4531F942-1652-4660-9B18-02B1116009A0}
		{99220D3D-4722-432C-9681-ADFFF2065D68} = {99220D3D-4722-432C-9681-ADFFF2065D68}
		{B5D4A0EE-0D52-4EE8-829D-48DAF1E56B8E} = {B5D4A0EE-0D52-4EE8-829D-48DAF1E56B8E}
		{F852374C-22BA-4CB6-AA34-DA1A589B9D8D} = {F852374C-22BA-4CB6-AA34-DA1A589B9D8D}
		{A4C9E0B1-7C82-427A-80F1-B548B5A1B1E8} = {A4C9E0B1-7C82-427A-80F1-B548B5A1B1E8}
		{1A91E8F9-BEFF-4B66-98DF-4BFEE15FA39F} = {1A91E8F9-BEFF-4B66-98DF-4BFEE15FA39F}
		{72E5FF68-A339-4924-85D9-31C32EC540F6} = {72E5FF68-A339-4924-85D9-31C32EC540F6}
		{2104ADE2-996D-4769-B4EE-ADD2FAE011F8} = {2104ADE2-996D-4769-B4EE-ADD2FAE011F8}
		{9AD53694-7256-4635-AEEA-92FF88652713} = {9AD53694-7256-4635-AEEA-92FF88652713}
		{9BE0611B-C690-4268-AB56-81D679F07022} = {9BE0611B-C690-4268-AB56-81D679F07022}
		{4D15E9B3-ECF3-4267-99A4-83C25FFD8EC4} = {4D15E9B3-ECF3-4267-99A4-83C25FFD8EC4}
		{AA62384B-9BEA-4FD8-8EE7-92F26CBD5BF8} = {AA62384B-9BEA-4FD8-8EE7-92F26CBD5BF8}
	EndProjectSection
EndProject
Project("{FAE04EC0-301F-11D3-BF4B-00C04F79EFBC}") = "UpgradeSolution1Support", "UpgradeSolution1Support\UpgradeSolution1Support.csproj", "{AA62384B-9BEA-4FD8-8EE7-92F26CBD5BF8}"
	ProjectSection(ProjectDependencies) = postProject
		{F2EFBF43-07B4-4565-8E14-0C2F55B9C827} = {F2EFBF43-07B4-4565-8E14-0C2F55B9C827}
		{99220D3D-4722-432C-9681-ADFFF2065D68} = {99220D3D-4722-432C-9681-ADFFF2065D68}
		{B5D4A0EE-0D52-4EE8-829D-48DAF1E56B8E} = {B5D4A0EE-0D52-4EE8-829D-48DAF1E56B8E}
		{71513051-C991-499F-806D-E5A9007A70CA} = {71513051-C991-499F-806D-E5A9007A70CA}
		{A4C9E0B1-7C82-427A-80F1-B548B5A1B1E8} = {A4C9E0B1-7C82-427A-80F1-B548B5A1B1E8}
		{72E5FF68-A339-4924-85D9-31C32EC540F6} = {72E5FF68-A339-4924-85D9-31C32EC540F6}
		{F852374C-22BA-4CB6-AA34-DA1A589B9D8D} = {F852374C-22BA-4CB6-AA34-DA1A589B9D8D}
		{4D15E9B3-ECF3-4267-99A4-83C25FFD8EC4} = {4D15E9B3-ECF3-4267-99A4-83C25FFD8EC4}
		{2104ADE2-996D-4769-B4EE-ADD2FAE011F8} = {2104ADE2-996D-4769-B4EE-ADD2FAE011F8}
		{9AD53694-7256-4635-AEEA-92FF88652713} = {9AD53694-7256-4635-AEEA-92FF88652713}
		{1A91E8F9-BEFF-4B66-98DF-4BFEE15FA39F} = {1A91E8F9-BEFF-4B66-98DF-4BFEE15FA39F}
		{9BE0611B-C690-4268-AB56-81D679F07022} = {9BE0611B-C690-4268-AB56-81D679F07022}
	EndProjectSection
EndProject
Project("{FAE04EC0-301F-11D3-BF4B-00C04F79EFBC}") = "UpgradeHelpers.DB.ADO", "UpgradeSupport\UpgradeHelpers.DB.ADO\UpgradeHelpers.DB.ADO.csproj", "{99220D3D-4722-432C-9681-ADFFF2065D68}"
	ProjectSection(ProjectDependencies) = postProject
		{B5D4A0EE-0D52-4EE8-829D-48DAF1E56B8E} = {B5D4A0EE-0D52-4EE8-829D-48DAF1E56B8E}
	EndProjectSection
EndProject
Project("{FAE04EC0-301F-11D3-BF4B-00C04F79EFBC}") = "UpgradeHelpers.DB.Essentials", "UpgradeSupport\UpgradeHelpers.DB.Essentials\UpgradeHelpers.DB.Essentials.csproj", "{B5D4A0EE-0D52-4EE8-829D-48DAF1E56B8E}"
EndProject
Project("{FAE04EC0-301F-11D3-BF4B-00C04F79EFBC}") = "UpgradeHelpers.Gui", "UpgradeSupport\UpgradeHelpers.Gui\UpgradeHelpers.Gui.csproj", "{F852374C-22BA-4CB6-AA34-DA1A589B9D8D}"
	ProjectSection(ProjectDependencies) = postProject
		{A4C9E0B1-7C82-427A-80F1-B548B5A1B1E8} = {A4C9E0B1-7C82-427A-80F1-B548B5A1B1E8}
		{72E5FF68-A339-4924-85D9-31C32EC540F6} = {72E5FF68-A339-4924-85D9-31C32EC540F6}
		{2104ADE2-996D-4769-B4EE-ADD2FAE011F8} = {2104ADE2-996D-4769-B4EE-ADD2FAE011F8}
		{9AD53694-7256-4635-AEEA-92FF88652713} = {9AD53694-7256-4635-AEEA-92FF88652713}
		{1A91E8F9-BEFF-4B66-98DF-4BFEE15FA39F} = {1A91E8F9-BEFF-4B66-98DF-4BFEE15FA39F}
		{9BE0611B-C690-4268-AB56-81D679F07022} = {9BE0611B-C690-4268-AB56-81D679F07022}
	EndProjectSection
EndProject
Project("{FAE04EC0-301F-11D3-BF4B-00C04F79EFBC}") = "UpgradeHelpers.Gui.ContainerHelper", "UpgradeSupport\UpgradeHelpers.Gui.ContainerHelper\UpgradeHelpers.Gui.ContainerHelper.csproj", "{A4C9E0B1-7C82-427A-80F1-B548B5A1B1E8}"
	ProjectSection(ProjectDependencies) = postProject
		{1A91E8F9-BEFF-4B66-98DF-4BFEE15FA39F} = {1A91E8F9-BEFF-4B66-98DF-4BFEE15FA39F}
	EndProjectSection
EndProject
Project("{FAE04EC0-301F-11D3-BF4B-00C04F79EFBC}") = "UpgradeHelpers.Utils", "UpgradeSupport\UpgradeHelpers.Utils\UpgradeHelpers.Utils.csproj", "{1A91E8F9-BEFF-4B66-98DF-4BFEE15FA39F}"
EndProject
Project("{FAE04EC0-301F-11D3-BF4B-00C04F79EFBC}") = "UpgradeHelpers.Gui.Graphics", "UpgradeSupport\UpgradeHelpers.Gui.Graphics\UpgradeHelpers.Gui.Graphics.csproj", "{72E5FF68-A339-4924-85D9-31C32EC540F6}"
	ProjectSection(ProjectDependencies) = postProject
		{A4C9E0B1-7C82-427A-80F1-B548B5A1B1E8} = {A4C9E0B1-7C82-427A-80F1-B548B5A1B1E8}
		{2104ADE2-996D-4769-B4EE-ADD2FAE011F8} = {2104ADE2-996D-4769-B4EE-ADD2FAE011F8}
		{9AD53694-7256-4635-AEEA-92FF88652713} = {9AD53694-7256-4635-AEEA-92FF88652713}
		{1A91E8F9-BEFF-4B66-98DF-4BFEE15FA39F} = {1A91E8F9-BEFF-4B66-98DF-4BFEE15FA39F}
	EndProjectSection
EndProject
Project("{FAE04EC0-301F-11D3-BF4B-00C04F79EFBC}") = "UpgradeHelpers.SupportHelper", "UpgradeSupport\UpgradeHelpers.SupportHelper\UpgradeHelpers.SupportHelper.csproj", "{2104ADE2-996D-4769-B4EE-ADD2FAE011F8}"
EndProject
Project("{FAE04EC0-301F-11D3-BF4B-00C04F79EFBC}") = "UpgradeHelpers.Utils.ReflectionHelper", "UpgradeSupport\UpgradeHelpers.Utils.ReflectionHelper\UpgradeHelpers.Utils.ReflectionHelper.csproj", "{9AD53694-7256-4635-AEEA-92FF88652713}"
	ProjectSection(ProjectDependencies) = postProject
		{1A91E8F9-BEFF-4B66-98DF-4BFEE15FA39F} = {1A91E8F9-BEFF-4B66-98DF-4BFEE15FA39F}
	EndProjectSection
EndProject
Project("{FAE04EC0-301F-11D3-BF4B-00C04F79EFBC}") = "UpgradeHelpers.VB", "UpgradeSupport\UpgradeHelpers.VB\UpgradeHelpers.VB.csproj", "{9BE0611B-C690-4268-AB56-81D679F07022}"
	ProjectSection(ProjectDependencies) = postProject
		{2104ADE2-996D-4769-B4EE-ADD2FAE011F8} = {2104ADE2-996D-4769-B4EE-ADD2FAE011F8}
		{1A91E8F9-BEFF-4B66-98DF-4BFEE15FA39F} = {1A91E8F9-BEFF-4B66-98DF-4BFEE15FA39F}
	EndProjectSection
EndProject
Project("{FAE04EC0-301F-11D3-BF4B-00C04F79EFBC}") = "UpgradeHelpers.NotUpgradeHelper", "UpgradeSupport\UpgradeHelpers.NotUpgradeHelper\UpgradeHelpers.NotUpgradeHelper.csproj", "{4D15E9B3-ECF3-4267-99A4-83C25FFD8EC4}"
EndProject
Project("{FAE04EC0-301F-11D3-BF4B-00C04F79EFBC}") = "UpgradeHelpers.FontHelper", "UpgradeSupport\UpgradeHelpers.FontHelper\UpgradeHelpers.FontHelper.csproj", "{71513051-C991-499F-806D-E5A9007A70CA}"
EndProject
Project("{FAE04EC0-301F-11D3-BF4B-00C04F79EFBC}") = "Stubs", "Stubs\Stubs.csproj", "{F2EFBF43-07B4-4565-8E14-0C2F55B9C827}"
	ProjectSection(ProjectDependencies) = postProject
		{4531F942-1652-4660-9B18-02B1116009A0} = {4531F942-1652-4660-9B18-02B1116009A0}
	EndProjectSection
EndProject
Project("{FAE04EC0-301F-11D3-BF4B-00C04F79EFBC}") = "Customizations", "Customizations\Customizations.csproj", "{4531F942-1652-4660-9B18-02B1116009A0}"
EndProject
Project("{2150E333-8FDC-42A3-9474-1A3956D46DE8}") = "Helpers", "Helpers", "{D51FBAE7-E93D-4024-9FBC-6595B6AA019F}"
EndProject
Project("{FAE04EC0-301F-11D3-BF4B-00C04F79EFBC}") = "Unity.Interception", "UpgradeSupport\Unity.Interception\Unity.Interception.csproj", "{F8186B23-B0E1-4646-B5F3-14357841E2BA}"
EndProject
Project("{FAE04EC0-301F-11D3-BF4B-00C04F79EFBC}") = "UpgradeHelpers.WebMap.BasicViewModels", "UpgradeSupport\UpgradeHelpers.WebMap.BasicViewModels\UpgradeHelpers.WebMap.BasicViewModels.csproj", "{22BBD658-ED3D-49D0-95C8-C6CAB1D3A00B}"
EndProject
Project("{FAE04EC0-301F-11D3-BF4B-00C04F79EFBC}") = "UpgradeHelpers.WebMap.Controls", "UpgradeSupport\UpgradeHelpers.WebMap.Controls\UpgradeHelpers.WebMap.Controls.csproj", "{C73D3B98-2151-428D-BF17-22965C2597DD}"
EndProject
Project("{FAE04EC0-301F-11D3-BF4B-00C04F79EFBC}") = "UpgradeHelpers.WebMap.Core", "UpgradeSupport\UpgradeHelpers.WebMap.Core\UpgradeHelpers.WebMap.Core.csproj", "{EF2DD653-FEC0-4FE9-AA36-FF4A8B7565EE}"
EndProject
Project("{FAE04EC0-301F-11D3-BF4B-00C04F79EFBC}") = "UpgradeHelpers.WebMap.DB.ADO.Surrogates", "UpgradeSupport\UpgradeHelpers.WebMap.DB.ADO.Surrogates\UpgradeHelpers.WebMap.DB.ADO.Surrogates.csproj", "{D7B29853-4F12-4D47-AB9A-9F9A89E41EBC}"
EndProject
Project("{FAE04EC0-301F-11D3-BF4B-00C04F79EFBC}") = "UpgradeHelpers.WebMap.Dictionary", "UpgradeSupport\UpgradeHelpers.WebMap.Dictionary\UpgradeHelpers.WebMap.Dictionary.csproj", "{805F3916-64DB-4515-B677-8F30440EF84C}"
EndProject
Project("{FAE04EC0-301F-11D3-BF4B-00C04F79EFBC}") = "UpgradeHelpers.WebMap.EventAggregator", "UpgradeSupport\UpgradeHelpers.WebMap.EventAggregator\UpgradeHelpers.WebMap.EventAggregator.csproj", "{D6B85851-971E-4C14-BA6A-7B1EBB3F3F71}"
EndProject
Project("{FAE04EC0-301F-11D3-BF4B-00C04F79EFBC}") = "UpgradeHelpers.WebMap.List", "UpgradeSupport\UpgradeHelpers.WebMap.List\UpgradeHelpers.WebMap.List.csproj", "{A3289396-E5BA-4275-92E2-F06CACC7749C}"
EndProject
Project("{FAE04EC0-301F-11D3-BF4B-00C04F79EFBC}") = "UpgradeHelpers.WebMap.Server.Common", "UpgradeSupport\UpgradeHelpers.WebMap.Server.Common\UpgradeHelpers.WebMap.Server.Common.csproj", "{4C980141-CA63-4B31-93D7-A24C4ADF5EAD}"
EndProject
Project("{FAE04EC0-301F-11D3-BF4B-00C04F79EFBC}") = "UpgradeHelpers.WebMap.Server.Common.Config", "UpgradeSupport\UpgradeHelpers.WebMap.Server.Common.Config\UpgradeHelpers.WebMap.Server.Common.Config.csproj", "{CF033088-58C1-474C-A88F-DC853A1522ED}"
EndProject
Project("{FAE04EC0-301F-11D3-BF4B-00C04F79EFBC}") = "UpgradeHelpers.WebMap.Server.MVC", "UpgradeSupport\UpgradeHelpers.WebMap.Server.MVC\UpgradeHelpers.WebMap.Server.MVC.csproj", "{673FF702-FBB9-47FB-BE6F-0E41630F68DC}"
EndProject
Project("{FAE04EC0-301F-11D3-BF4B-00C04F79EFBC}") = "UpgradeHelpers.WebMap.Server.v2", "UpgradeSupport\UpgradeHelpers.WebMap.Server.v2\UpgradeHelpers.WebMap.Server.v2.csproj", "{B4018BF1-4807-440D-952A-2EA2AB9608F3}"
EndProject
Project("{FAE04EC0-301F-11D3-BF4B-00C04F79EFBC}") = "UpgradeHelpers.WebMap.Surrogates", "UpgradeSupport\UpgradeHelpers.WebMap.Surrogates\UpgradeHelpers.WebMap.Surrogates.csproj", "{05EA2F9A-8EF5-4BDB-BE6C-49A672051ECE}"
EndProject
Project("{FAE04EC0-301F-11D3-BF4B-00C04F79EFBC}") = "UpgradeHelpers.WebMap.TypeCacheUtils", "UpgradeSupport\UpgradeHelpers.WebMap.TypeCacheUtils\UpgradeHelpers.WebMap.TypeCacheUtils.csproj", "{81374682-5F24-402E-A4E0-822AC3005A1A}"
EndProject
Project("{FAE04EC0-301F-11D3-BF4B-00C04F79EFBC}") = "UpgradeHelpers.WebMap.Surrogates.BasicSurrogates", "UpgradeSupport\UpgradeHelpers.WebMap.Surrogates.BasicSurrogates\UpgradeHelpers.WebMap.Surrogates.BasicSurrogates.csproj", "{2C2A8857-0E89-4867-99F9-D0CCFA64C3C8}"
EndProject
Project("{FAE04EC0-301F-11D3-BF4B-00C04F79EFBC}") = "UpgradeHelpers.WebMap.WFBaseViewModels", "UpgradeSupport\UpgradeHelpers.WebMap.WFBaseViewModels\UpgradeHelpers.WebMap.WFBaseViewModels.csproj", "{E1334146-C07F-4EAC-AC03-73F8C6E051AE}"
EndProject
Global
	GlobalSection(SolutionConfigurationPlatforms) = preSolution
		Debug|Any CPU = Debug|Any CPU
		Debug|Mixed Platforms = Debug|Mixed Platforms
		Debug|x86 = Debug|x86
		Release|Any CPU = Release|Any CPU
		Release|Mixed Platforms = Release|Mixed Platforms
		Release|x86 = Release|x86
	EndGlobalSection
	GlobalSection(ProjectConfigurationPlatforms) = postSolution
		{41E72F7E-990D-498A-B8F0-0CBAAB208E58}.Debug|Any CPU.ActiveCfg = Debug|Any CPU
		{41E72F7E-990D-498A-B8F0-0CBAAB208E58}.Debug|Any CPU.Build.0 = Debug|Any CPU
		{41E72F7E-990D-498A-B8F0-0CBAAB208E58}.Debug|Mixed Platforms.ActiveCfg = Debug|Any CPU
		{41E72F7E-990D-498A-B8F0-0CBAAB208E58}.Debug|Mixed Platforms.Build.0 = Debug|Any CPU
		{41E72F7E-990D-498A-B8F0-0CBAAB208E58}.Debug|x86.ActiveCfg = Debug|Any CPU
		{41E72F7E-990D-498A-B8F0-0CBAAB208E58}.Debug|x86.Build.0 = Debug|Any CPU
		{41E72F7E-990D-498A-B8F0-0CBAAB208E58}.Release|Any CPU.ActiveCfg = Release|Any CPU
		{41E72F7E-990D-498A-B8F0-0CBAAB208E58}.Release|Any CPU.Build.0 = Release|Any CPU
		{41E72F7E-990D-498A-B8F0-0CBAAB208E58}.Release|Mixed Platforms.ActiveCfg = Release|Any CPU
		{41E72F7E-990D-498A-B8F0-0CBAAB208E58}.Release|Mixed Platforms.Build.0 = Release|Any CPU
		{41E72F7E-990D-498A-B8F0-0CBAAB208E58}.Release|x86.ActiveCfg = Release|Any CPU
		{41E72F7E-990D-498A-B8F0-0CBAAB208E58}.Release|x86.Build.0 = Release|Any CPU
		{16C35667-7144-4646-8DE1-EBD3D9D6ED2F}.Debug|Any CPU.ActiveCfg = Debug|Any CPU
		{16C35667-7144-4646-8DE1-EBD3D9D6ED2F}.Debug|Any CPU.Build.0 = Debug|Any CPU
		{16C35667-7144-4646-8DE1-EBD3D9D6ED2F}.Debug|Mixed Platforms.ActiveCfg = Debug|Any CPU
		{16C35667-7144-4646-8DE1-EBD3D9D6ED2F}.Debug|Mixed Platforms.Build.0 = Debug|Any CPU
		{16C35667-7144-4646-8DE1-EBD3D9D6ED2F}.Debug|x86.ActiveCfg = Debug|Any CPU
		{16C35667-7144-4646-8DE1-EBD3D9D6ED2F}.Debug|x86.Build.0 = Debug|Any CPU
		{16C35667-7144-4646-8DE1-EBD3D9D6ED2F}.Release|Any CPU.ActiveCfg = Release|Any CPU
		{16C35667-7144-4646-8DE1-EBD3D9D6ED2F}.Release|Any CPU.Build.0 = Release|Any CPU
		{16C35667-7144-4646-8DE1-EBD3D9D6ED2F}.Release|Mixed Platforms.ActiveCfg = Release|Any CPU
		{16C35667-7144-4646-8DE1-EBD3D9D6ED2F}.Release|Mixed Platforms.Build.0 = Release|Any CPU
		{16C35667-7144-4646-8DE1-EBD3D9D6ED2F}.Release|x86.ActiveCfg = Release|Any CPU
		{16C35667-7144-4646-8DE1-EBD3D9D6ED2F}.Release|x86.Build.0 = Release|Any CPU
		{AA62384B-9BEA-4FD8-8EE7-92F26CBD5BF8}.Debug|Any CPU.ActiveCfg = Debug|Any CPU
		{AA62384B-9BEA-4FD8-8EE7-92F26CBD5BF8}.Debug|Any CPU.Build.0 = Debug|Any CPU
		{AA62384B-9BEA-4FD8-8EE7-92F26CBD5BF8}.Debug|Mixed Platforms.ActiveCfg = Debug|Any CPU
		{AA62384B-9BEA-4FD8-8EE7-92F26CBD5BF8}.Debug|Mixed Platforms.Build.0 = Debug|Any CPU
		{AA62384B-9BEA-4FD8-8EE7-92F26CBD5BF8}.Debug|x86.ActiveCfg = Debug|Any CPU
		{AA62384B-9BEA-4FD8-8EE7-92F26CBD5BF8}.Debug|x86.Build.0 = Debug|Any CPU
		{AA62384B-9BEA-4FD8-8EE7-92F26CBD5BF8}.Release|Any CPU.ActiveCfg = Release|Any CPU
		{AA62384B-9BEA-4FD8-8EE7-92F26CBD5BF8}.Release|Any CPU.Build.0 = Release|Any CPU
		{AA62384B-9BEA-4FD8-8EE7-92F26CBD5BF8}.Release|Mixed Platforms.ActiveCfg = Release|Any CPU
		{AA62384B-9BEA-4FD8-8EE7-92F26CBD5BF8}.Release|Mixed Platforms.Build.0 = Release|Any CPU
		{AA62384B-9BEA-4FD8-8EE7-92F26CBD5BF8}.Release|x86.ActiveCfg = Release|Any CPU
		{AA62384B-9BEA-4FD8-8EE7-92F26CBD5BF8}.Release|x86.Build.0 = Release|Any CPU
		{99220D3D-4722-432C-9681-ADFFF2065D68}.Debug|Any CPU.ActiveCfg = Debug|Any CPU
		{99220D3D-4722-432C-9681-ADFFF2065D68}.Debug|Any CPU.Build.0 = Debug|Any CPU
		{99220D3D-4722-432C-9681-ADFFF2065D68}.Debug|Mixed Platforms.ActiveCfg = Debug|Any CPU
		{99220D3D-4722-432C-9681-ADFFF2065D68}.Debug|Mixed Platforms.Build.0 = Debug|Any CPU
		{99220D3D-4722-432C-9681-ADFFF2065D68}.Debug|x86.ActiveCfg = Debug|Any CPU
		{99220D3D-4722-432C-9681-ADFFF2065D68}.Debug|x86.Build.0 = Debug|Any CPU
		{99220D3D-4722-432C-9681-ADFFF2065D68}.Release|Any CPU.ActiveCfg = Release|Any CPU
		{99220D3D-4722-432C-9681-ADFFF2065D68}.Release|Any CPU.Build.0 = Release|Any CPU
		{99220D3D-4722-432C-9681-ADFFF2065D68}.Release|Mixed Platforms.ActiveCfg = Release|Any CPU
		{99220D3D-4722-432C-9681-ADFFF2065D68}.Release|Mixed Platforms.Build.0 = Release|Any CPU
		{99220D3D-4722-432C-9681-ADFFF2065D68}.Release|x86.ActiveCfg = Release|Any CPU
		{99220D3D-4722-432C-9681-ADFFF2065D68}.Release|x86.Build.0 = Release|Any CPU
		{B5D4A0EE-0D52-4EE8-829D-48DAF1E56B8E}.Debug|Any CPU.ActiveCfg = Debug|Any CPU
		{B5D4A0EE-0D52-4EE8-829D-48DAF1E56B8E}.Debug|Any CPU.Build.0 = Debug|Any CPU
		{B5D4A0EE-0D52-4EE8-829D-48DAF1E56B8E}.Debug|Mixed Platforms.ActiveCfg = Debug|Any CPU
		{B5D4A0EE-0D52-4EE8-829D-48DAF1E56B8E}.Debug|Mixed Platforms.Build.0 = Debug|Any CPU
		{B5D4A0EE-0D52-4EE8-829D-48DAF1E56B8E}.Debug|x86.ActiveCfg = Debug|Any CPU
		{B5D4A0EE-0D52-4EE8-829D-48DAF1E56B8E}.Debug|x86.Build.0 = Debug|Any CPU
		{B5D4A0EE-0D52-4EE8-829D-48DAF1E56B8E}.Release|Any CPU.ActiveCfg = Release|Any CPU
		{B5D4A0EE-0D52-4EE8-829D-48DAF1E56B8E}.Release|Any CPU.Build.0 = Release|Any CPU
		{B5D4A0EE-0D52-4EE8-829D-48DAF1E56B8E}.Release|Mixed Platforms.ActiveCfg = Release|Any CPU
		{B5D4A0EE-0D52-4EE8-829D-48DAF1E56B8E}.Release|Mixed Platforms.Build.0 = Release|Any CPU
		{B5D4A0EE-0D52-4EE8-829D-48DAF1E56B8E}.Release|x86.ActiveCfg = Release|Any CPU
		{B5D4A0EE-0D52-4EE8-829D-48DAF1E56B8E}.Release|x86.Build.0 = Release|Any CPU
		{F852374C-22BA-4CB6-AA34-DA1A589B9D8D}.Debug|Any CPU.ActiveCfg = Debug|x86
		{F852374C-22BA-4CB6-AA34-DA1A589B9D8D}.Debug|Mixed Platforms.ActiveCfg = Debug|x86
		{F852374C-22BA-4CB6-AA34-DA1A589B9D8D}.Debug|Mixed Platforms.Build.0 = Debug|x86
		{F852374C-22BA-4CB6-AA34-DA1A589B9D8D}.Debug|x86.ActiveCfg = Debug|x86
		{F852374C-22BA-4CB6-AA34-DA1A589B9D8D}.Debug|x86.Build.0 = Debug|x86
		{F852374C-22BA-4CB6-AA34-DA1A589B9D8D}.Release|Any CPU.ActiveCfg = Release|x86
		{F852374C-22BA-4CB6-AA34-DA1A589B9D8D}.Release|Mixed Platforms.ActiveCfg = Release|x86
		{F852374C-22BA-4CB6-AA34-DA1A589B9D8D}.Release|Mixed Platforms.Build.0 = Release|x86
		{F852374C-22BA-4CB6-AA34-DA1A589B9D8D}.Release|x86.ActiveCfg = Release|x86
		{F852374C-22BA-4CB6-AA34-DA1A589B9D8D}.Release|x86.Build.0 = Release|x86
		{A4C9E0B1-7C82-427A-80F1-B548B5A1B1E8}.Debug|Any CPU.ActiveCfg = Debug|x86
		{A4C9E0B1-7C82-427A-80F1-B548B5A1B1E8}.Debug|Mixed Platforms.ActiveCfg = Debug|x86
		{A4C9E0B1-7C82-427A-80F1-B548B5A1B1E8}.Debug|Mixed Platforms.Build.0 = Debug|x86
		{A4C9E0B1-7C82-427A-80F1-B548B5A1B1E8}.Debug|x86.ActiveCfg = Debug|x86
		{A4C9E0B1-7C82-427A-80F1-B548B5A1B1E8}.Debug|x86.Build.0 = Debug|x86
		{A4C9E0B1-7C82-427A-80F1-B548B5A1B1E8}.Release|Any CPU.ActiveCfg = Release|x86
		{A4C9E0B1-7C82-427A-80F1-B548B5A1B1E8}.Release|Mixed Platforms.ActiveCfg = Release|x86
		{A4C9E0B1-7C82-427A-80F1-B548B5A1B1E8}.Release|Mixed Platforms.Build.0 = Release|x86
		{A4C9E0B1-7C82-427A-80F1-B548B5A1B1E8}.Release|x86.ActiveCfg = Release|x86
		{A4C9E0B1-7C82-427A-80F1-B548B5A1B1E8}.Release|x86.Build.0 = Release|x86
		{1A91E8F9-BEFF-4B66-98DF-4BFEE15FA39F}.Debug|Any CPU.ActiveCfg = Debug|Any CPU
		{1A91E8F9-BEFF-4B66-98DF-4BFEE15FA39F}.Debug|Any CPU.Build.0 = Debug|Any CPU
		{1A91E8F9-BEFF-4B66-98DF-4BFEE15FA39F}.Debug|Mixed Platforms.ActiveCfg = Debug|Any CPU
		{1A91E8F9-BEFF-4B66-98DF-4BFEE15FA39F}.Debug|Mixed Platforms.Build.0 = Debug|Any CPU
		{1A91E8F9-BEFF-4B66-98DF-4BFEE15FA39F}.Debug|x86.ActiveCfg = Debug|Any CPU
		{1A91E8F9-BEFF-4B66-98DF-4BFEE15FA39F}.Debug|x86.Build.0 = Debug|Any CPU
		{1A91E8F9-BEFF-4B66-98DF-4BFEE15FA39F}.Release|Any CPU.ActiveCfg = Release|Any CPU
		{1A91E8F9-BEFF-4B66-98DF-4BFEE15FA39F}.Release|Any CPU.Build.0 = Release|Any CPU
		{1A91E8F9-BEFF-4B66-98DF-4BFEE15FA39F}.Release|Mixed Platforms.ActiveCfg = Release|Any CPU
		{1A91E8F9-BEFF-4B66-98DF-4BFEE15FA39F}.Release|Mixed Platforms.Build.0 = Release|Any CPU
		{1A91E8F9-BEFF-4B66-98DF-4BFEE15FA39F}.Release|x86.ActiveCfg = Release|Any CPU
		{1A91E8F9-BEFF-4B66-98DF-4BFEE15FA39F}.Release|x86.Build.0 = Release|Any CPU
		{72E5FF68-A339-4924-85D9-31C32EC540F6}.Debug|Any CPU.ActiveCfg = Debug|x86
		{72E5FF68-A339-4924-85D9-31C32EC540F6}.Debug|Mixed Platforms.ActiveCfg = Debug|x86
		{72E5FF68-A339-4924-85D9-31C32EC540F6}.Debug|Mixed Platforms.Build.0 = Debug|x86
		{72E5FF68-A339-4924-85D9-31C32EC540F6}.Debug|x86.ActiveCfg = Debug|x86
		{72E5FF68-A339-4924-85D9-31C32EC540F6}.Debug|x86.Build.0 = Debug|x86
		{72E5FF68-A339-4924-85D9-31C32EC540F6}.Release|Any CPU.ActiveCfg = Release|x86
		{72E5FF68-A339-4924-85D9-31C32EC540F6}.Release|Mixed Platforms.ActiveCfg = Release|x86
		{72E5FF68-A339-4924-85D9-31C32EC540F6}.Release|Mixed Platforms.Build.0 = Release|x86
		{72E5FF68-A339-4924-85D9-31C32EC540F6}.Release|x86.ActiveCfg = Release|x86
		{72E5FF68-A339-4924-85D9-31C32EC540F6}.Release|x86.Build.0 = Release|x86
		{2104ADE2-996D-4769-B4EE-ADD2FAE011F8}.Debug|Any CPU.ActiveCfg = Debug|x86
		{2104ADE2-996D-4769-B4EE-ADD2FAE011F8}.Debug|Mixed Platforms.ActiveCfg = Debug|x86
		{2104ADE2-996D-4769-B4EE-ADD2FAE011F8}.Debug|Mixed Platforms.Build.0 = Debug|x86
		{2104ADE2-996D-4769-B4EE-ADD2FAE011F8}.Debug|x86.ActiveCfg = Debug|x86
		{2104ADE2-996D-4769-B4EE-ADD2FAE011F8}.Debug|x86.Build.0 = Debug|x86
		{2104ADE2-996D-4769-B4EE-ADD2FAE011F8}.Release|Any CPU.ActiveCfg = Release|x86
		{2104ADE2-996D-4769-B4EE-ADD2FAE011F8}.Release|Mixed Platforms.ActiveCfg = Release|x86
		{2104ADE2-996D-4769-B4EE-ADD2FAE011F8}.Release|Mixed Platforms.Build.0 = Release|x86
		{2104ADE2-996D-4769-B4EE-ADD2FAE011F8}.Release|x86.ActiveCfg = Release|x86
		{2104ADE2-996D-4769-B4EE-ADD2FAE011F8}.Release|x86.Build.0 = Release|x86
		{9AD53694-7256-4635-AEEA-92FF88652713}.Debug|Any CPU.ActiveCfg = Debug|x86
		{9AD53694-7256-4635-AEEA-92FF88652713}.Debug|Mixed Platforms.ActiveCfg = Debug|x86
		{9AD53694-7256-4635-AEEA-92FF88652713}.Debug|Mixed Platforms.Build.0 = Debug|x86
		{9AD53694-7256-4635-AEEA-92FF88652713}.Debug|x86.ActiveCfg = Debug|x86
		{9AD53694-7256-4635-AEEA-92FF88652713}.Debug|x86.Build.0 = Debug|x86
		{9AD53694-7256-4635-AEEA-92FF88652713}.Release|Any CPU.ActiveCfg = Release|x86
		{9AD53694-7256-4635-AEEA-92FF88652713}.Release|Mixed Platforms.ActiveCfg = Release|x86
		{9AD53694-7256-4635-AEEA-92FF88652713}.Release|Mixed Platforms.Build.0 = Release|x86
		{9AD53694-7256-4635-AEEA-92FF88652713}.Release|x86.ActiveCfg = Release|x86
		{9AD53694-7256-4635-AEEA-92FF88652713}.Release|x86.Build.0 = Release|x86
		{9BE0611B-C690-4268-AB56-81D679F07022}.Debug|Any CPU.ActiveCfg = Debug|x86
		{9BE0611B-C690-4268-AB56-81D679F07022}.Debug|Mixed Platforms.ActiveCfg = Debug|x86
		{9BE0611B-C690-4268-AB56-81D679F07022}.Debug|Mixed Platforms.Build.0 = Debug|x86
		{9BE0611B-C690-4268-AB56-81D679F07022}.Debug|x86.ActiveCfg = Debug|x86
		{9BE0611B-C690-4268-AB56-81D679F07022}.Debug|x86.Build.0 = Debug|x86
		{9BE0611B-C690-4268-AB56-81D679F07022}.Release|Any CPU.ActiveCfg = Release|x86
		{9BE0611B-C690-4268-AB56-81D679F07022}.Release|Mixed Platforms.ActiveCfg = Release|x86
		{9BE0611B-C690-4268-AB56-81D679F07022}.Release|Mixed Platforms.Build.0 = Release|x86
		{9BE0611B-C690-4268-AB56-81D679F07022}.Release|x86.ActiveCfg = Release|x86
		{9BE0611B-C690-4268-AB56-81D679F07022}.Release|x86.Build.0 = Release|x86
		{4D15E9B3-ECF3-4267-99A4-83C25FFD8EC4}.Debug|Any CPU.ActiveCfg = Debug|x86
		{4D15E9B3-ECF3-4267-99A4-83C25FFD8EC4}.Debug|Mixed Platforms.ActiveCfg = Debug|x86
		{4D15E9B3-ECF3-4267-99A4-83C25FFD8EC4}.Debug|Mixed Platforms.Build.0 = Debug|x86
		{4D15E9B3-ECF3-4267-99A4-83C25FFD8EC4}.Debug|x86.ActiveCfg = Debug|x86
		{4D15E9B3-ECF3-4267-99A4-83C25FFD8EC4}.Debug|x86.Build.0 = Debug|x86
		{4D15E9B3-ECF3-4267-99A4-83C25FFD8EC4}.Release|Any CPU.ActiveCfg = Release|x86
		{4D15E9B3-ECF3-4267-99A4-83C25FFD8EC4}.Release|Mixed Platforms.ActiveCfg = Release|x86
		{4D15E9B3-ECF3-4267-99A4-83C25FFD8EC4}.Release|Mixed Platforms.Build.0 = Release|x86
		{4D15E9B3-ECF3-4267-99A4-83C25FFD8EC4}.Release|x86.ActiveCfg = Release|x86
		{4D15E9B3-ECF3-4267-99A4-83C25FFD8EC4}.Release|x86.Build.0 = Release|x86
		{71513051-C991-499F-806D-E5A9007A70CA}.Debug|Any CPU.ActiveCfg = Debug|x86
		{71513051-C991-499F-806D-E5A9007A70CA}.Debug|Mixed Platforms.ActiveCfg = Debug|x86
		{71513051-C991-499F-806D-E5A9007A70CA}.Debug|Mixed Platforms.Build.0 = Debug|x86
		{71513051-C991-499F-806D-E5A9007A70CA}.Debug|x86.ActiveCfg = Debug|x86
		{71513051-C991-499F-806D-E5A9007A70CA}.Debug|x86.Build.0 = Debug|x86
		{71513051-C991-499F-806D-E5A9007A70CA}.Release|Any CPU.ActiveCfg = Release|x86
		{71513051-C991-499F-806D-E5A9007A70CA}.Release|Mixed Platforms.ActiveCfg = Release|x86
		{71513051-C991-499F-806D-E5A9007A70CA}.Release|Mixed Platforms.Build.0 = Release|x86
		{71513051-C991-499F-806D-E5A9007A70CA}.Release|x86.ActiveCfg = Release|x86
		{71513051-C991-499F-806D-E5A9007A70CA}.Release|x86.Build.0 = Release|x86
		{F2EFBF43-07B4-4565-8E14-0C2F55B9C827}.Debug|Any CPU.ActiveCfg = Debug|Any CPU
		{F2EFBF43-07B4-4565-8E14-0C2F55B9C827}.Debug|Any CPU.Build.0 = Debug|Any CPU
		{F2EFBF43-07B4-4565-8E14-0C2F55B9C827}.Debug|Mixed Platforms.ActiveCfg = Debug|Any CPU
		{F2EFBF43-07B4-4565-8E14-0C2F55B9C827}.Debug|Mixed Platforms.Build.0 = Debug|Any CPU
		{F2EFBF43-07B4-4565-8E14-0C2F55B9C827}.Debug|x86.ActiveCfg = Debug|Any CPU
		{F2EFBF43-07B4-4565-8E14-0C2F55B9C827}.Debug|x86.Build.0 = Debug|Any CPU
		{F2EFBF43-07B4-4565-8E14-0C2F55B9C827}.Release|Any CPU.ActiveCfg = Release|Any CPU
		{F2EFBF43-07B4-4565-8E14-0C2F55B9C827}.Release|Any CPU.Build.0 = Release|Any CPU
		{F2EFBF43-07B4-4565-8E14-0C2F55B9C827}.Release|Mixed Platforms.ActiveCfg = Release|Any CPU
		{F2EFBF43-07B4-4565-8E14-0C2F55B9C827}.Release|Mixed Platforms.Build.0 = Release|Any CPU
		{F2EFBF43-07B4-4565-8E14-0C2F55B9C827}.Release|x86.ActiveCfg = Release|Any CPU
		{F2EFBF43-07B4-4565-8E14-0C2F55B9C827}.Release|x86.Build.0 = Release|Any CPU
		{4531F942-1652-4660-9B18-02B1116009A0}.Debug|Any CPU.ActiveCfg = Debug|Any CPU
		{4531F942-1652-4660-9B18-02B1116009A0}.Debug|Any CPU.Build.0 = Debug|Any CPU
		{4531F942-1652-4660-9B18-02B1116009A0}.Debug|Mixed Platforms.ActiveCfg = Debug|Any CPU
		{4531F942-1652-4660-9B18-02B1116009A0}.Debug|Mixed Platforms.Build.0 = Debug|Any CPU
		{4531F942-1652-4660-9B18-02B1116009A0}.Debug|x86.ActiveCfg = Debug|Any CPU
		{4531F942-1652-4660-9B18-02B1116009A0}.Debug|x86.Build.0 = Debug|Any CPU
		{4531F942-1652-4660-9B18-02B1116009A0}.Release|Any CPU.ActiveCfg = Release|Any CPU
		{4531F942-1652-4660-9B18-02B1116009A0}.Release|Any CPU.Build.0 = Release|Any CPU
		{4531F942-1652-4660-9B18-02B1116009A0}.Release|Mixed Platforms.ActiveCfg = Release|Any CPU
		{4531F942-1652-4660-9B18-02B1116009A0}.Release|Mixed Platforms.Build.0 = Release|Any CPU
		{4531F942-1652-4660-9B18-02B1116009A0}.Release|x86.ActiveCfg = Release|Any CPU
		{4531F942-1652-4660-9B18-02B1116009A0}.Release|x86.Build.0 = Release|Any CPU
		{F8186B23-B0E1-4646-B5F3-14357841E2BA}.Debug|Any CPU.ActiveCfg = Debug|Any CPU
		{F8186B23-B0E1-4646-B5F3-14357841E2BA}.Debug|Any CPU.Build.0 = Debug|Any CPU
		{F8186B23-B0E1-4646-B5F3-14357841E2BA}.Debug|Mixed Platforms.ActiveCfg = Debug|Any CPU
		{F8186B23-B0E1-4646-B5F3-14357841E2BA}.Debug|Mixed Platforms.Build.0 = Debug|Any CPU
		{F8186B23-B0E1-4646-B5F3-14357841E2BA}.Debug|x86.ActiveCfg = Debug|Any CPU
		{F8186B23-B0E1-4646-B5F3-14357841E2BA}.Debug|x86.Build.0 = Debug|Any CPU
		{F8186B23-B0E1-4646-B5F3-14357841E2BA}.Release|Any CPU.ActiveCfg = Release|Any CPU
		{F8186B23-B0E1-4646-B5F3-14357841E2BA}.Release|Any CPU.Build.0 = Release|Any CPU
		{F8186B23-B0E1-4646-B5F3-14357841E2BA}.Release|Mixed Platforms.ActiveCfg = Release|Any CPU
		{F8186B23-B0E1-4646-B5F3-14357841E2BA}.Release|Mixed Platforms.Build.0 = Release|Any CPU
		{F8186B23-B0E1-4646-B5F3-14357841E2BA}.Release|x86.ActiveCfg = Release|Any CPU
		{F8186B23-B0E1-4646-B5F3-14357841E2BA}.Release|x86.Build.0 = Release|Any CPU
		{22BBD658-ED3D-49D0-95C8-C6CAB1D3A00B}.Debug|Any CPU.ActiveCfg = Debug|Any CPU
		{22BBD658-ED3D-49D0-95C8-C6CAB1D3A00B}.Debug|Any CPU.Build.0 = Debug|Any CPU
		{22BBD658-ED3D-49D0-95C8-C6CAB1D3A00B}.Debug|Mixed Platforms.ActiveCfg = Debug|Any CPU
		{22BBD658-ED3D-49D0-95C8-C6CAB1D3A00B}.Debug|Mixed Platforms.Build.0 = Debug|Any CPU
		{22BBD658-ED3D-49D0-95C8-C6CAB1D3A00B}.Debug|x86.ActiveCfg = Debug|Any CPU
		{22BBD658-ED3D-49D0-95C8-C6CAB1D3A00B}.Debug|x86.Build.0 = Debug|Any CPU
		{22BBD658-ED3D-49D0-95C8-C6CAB1D3A00B}.Release|Any CPU.ActiveCfg = Release|Any CPU
		{22BBD658-ED3D-49D0-95C8-C6CAB1D3A00B}.Release|Any CPU.Build.0 = Release|Any CPU
		{22BBD658-ED3D-49D0-95C8-C6CAB1D3A00B}.Release|Mixed Platforms.ActiveCfg = Release|Any CPU
		{22BBD658-ED3D-49D0-95C8-C6CAB1D3A00B}.Release|Mixed Platforms.Build.0 = Release|Any CPU
		{22BBD658-ED3D-49D0-95C8-C6CAB1D3A00B}.Release|x86.ActiveCfg = Release|Any CPU
		{22BBD658-ED3D-49D0-95C8-C6CAB1D3A00B}.Release|x86.Build.0 = Release|Any CPU
		{C73D3B98-2151-428D-BF17-22965C2597DD}.Debug|Any CPU.ActiveCfg = Debug|Any CPU
		{C73D3B98-2151-428D-BF17-22965C2597DD}.Debug|Any CPU.Build.0 = Debug|Any CPU
		{C73D3B98-2151-428D-BF17-22965C2597DD}.Debug|Mixed Platforms.ActiveCfg = Debug|Any CPU
		{C73D3B98-2151-428D-BF17-22965C2597DD}.Debug|Mixed Platforms.Build.0 = Debug|Any CPU
		{C73D3B98-2151-428D-BF17-22965C2597DD}.Debug|x86.ActiveCfg = Debug|Any CPU
		{C73D3B98-2151-428D-BF17-22965C2597DD}.Debug|x86.Build.0 = Debug|Any CPU
		{C73D3B98-2151-428D-BF17-22965C2597DD}.Release|Any CPU.ActiveCfg = Release|Any CPU
		{C73D3B98-2151-428D-BF17-22965C2597DD}.Release|Any CPU.Build.0 = Release|Any CPU
		{C73D3B98-2151-428D-BF17-22965C2597DD}.Release|Mixed Platforms.ActiveCfg = Release|Any CPU
		{C73D3B98-2151-428D-BF17-22965C2597DD}.Release|Mixed Platforms.Build.0 = Release|Any CPU
		{C73D3B98-2151-428D-BF17-22965C2597DD}.Release|x86.ActiveCfg = Release|Any CPU
		{C73D3B98-2151-428D-BF17-22965C2597DD}.Release|x86.Build.0 = Release|Any CPU
		{EF2DD653-FEC0-4FE9-AA36-FF4A8B7565EE}.Debug|Any CPU.ActiveCfg = Debug|Any CPU
		{EF2DD653-FEC0-4FE9-AA36-FF4A8B7565EE}.Debug|Any CPU.Build.0 = Debug|Any CPU
		{EF2DD653-FEC0-4FE9-AA36-FF4A8B7565EE}.Debug|Mixed Platforms.ActiveCfg = Debug|Any CPU
		{EF2DD653-FEC0-4FE9-AA36-FF4A8B7565EE}.Debug|Mixed Platforms.Build.0 = Debug|Any CPU
		{EF2DD653-FEC0-4FE9-AA36-FF4A8B7565EE}.Debug|x86.ActiveCfg = Debug|Any CPU
		{EF2DD653-FEC0-4FE9-AA36-FF4A8B7565EE}.Debug|x86.Build.0 = Debug|Any CPU
		{EF2DD653-FEC0-4FE9-AA36-FF4A8B7565EE}.Release|Any CPU.ActiveCfg = Release|Any CPU
		{EF2DD653-FEC0-4FE9-AA36-FF4A8B7565EE}.Release|Any CPU.Build.0 = Release|Any CPU
		{EF2DD653-FEC0-4FE9-AA36-FF4A8B7565EE}.Release|Mixed Platforms.ActiveCfg = Release|Any CPU
		{EF2DD653-FEC0-4FE9-AA36-FF4A8B7565EE}.Release|Mixed Platforms.Build.0 = Release|Any CPU
		{EF2DD653-FEC0-4FE9-AA36-FF4A8B7565EE}.Release|x86.ActiveCfg = Release|Any CPU
		{EF2DD653-FEC0-4FE9-AA36-FF4A8B7565EE}.Release|x86.Build.0 = Release|Any CPU
		{D7B29853-4F12-4D47-AB9A-9F9A89E41EBC}.Debug|Any CPU.ActiveCfg = Debug|Any CPU
		{D7B29853-4F12-4D47-AB9A-9F9A89E41EBC}.Debug|Any CPU.Build.0 = Debug|Any CPU
		{D7B29853-4F12-4D47-AB9A-9F9A89E41EBC}.Debug|Mixed Platforms.ActiveCfg = Debug|Any CPU
		{D7B29853-4F12-4D47-AB9A-9F9A89E41EBC}.Debug|Mixed Platforms.Build.0 = Debug|Any CPU
		{D7B29853-4F12-4D47-AB9A-9F9A89E41EBC}.Debug|x86.ActiveCfg = Debug|Any CPU
		{D7B29853-4F12-4D47-AB9A-9F9A89E41EBC}.Debug|x86.Build.0 = Debug|Any CPU
		{D7B29853-4F12-4D47-AB9A-9F9A89E41EBC}.Release|Any CPU.ActiveCfg = Release|Any CPU
		{D7B29853-4F12-4D47-AB9A-9F9A89E41EBC}.Release|Any CPU.Build.0 = Release|Any CPU
		{D7B29853-4F12-4D47-AB9A-9F9A89E41EBC}.Release|Mixed Platforms.ActiveCfg = Release|Any CPU
		{D7B29853-4F12-4D47-AB9A-9F9A89E41EBC}.Release|Mixed Platforms.Build.0 = Release|Any CPU
		{D7B29853-4F12-4D47-AB9A-9F9A89E41EBC}.Release|x86.ActiveCfg = Release|Any CPU
		{D7B29853-4F12-4D47-AB9A-9F9A89E41EBC}.Release|x86.Build.0 = Release|Any CPU
		{805F3916-64DB-4515-B677-8F30440EF84C}.Debug|Any CPU.ActiveCfg = Debug|Any CPU
		{805F3916-64DB-4515-B677-8F30440EF84C}.Debug|Any CPU.Build.0 = Debug|Any CPU
		{805F3916-64DB-4515-B677-8F30440EF84C}.Debug|Mixed Platforms.ActiveCfg = Debug|Any CPU
		{805F3916-64DB-4515-B677-8F30440EF84C}.Debug|Mixed Platforms.Build.0 = Debug|Any CPU
		{805F3916-64DB-4515-B677-8F30440EF84C}.Debug|x86.ActiveCfg = Debug|Any CPU
		{805F3916-64DB-4515-B677-8F30440EF84C}.Debug|x86.Build.0 = Debug|Any CPU
		{805F3916-64DB-4515-B677-8F30440EF84C}.Release|Any CPU.ActiveCfg = Release|Any CPU
		{805F3916-64DB-4515-B677-8F30440EF84C}.Release|Any CPU.Build.0 = Release|Any CPU
		{805F3916-64DB-4515-B677-8F30440EF84C}.Release|Mixed Platforms.ActiveCfg = Release|Any CPU
		{805F3916-64DB-4515-B677-8F30440EF84C}.Release|Mixed Platforms.Build.0 = Release|Any CPU
		{805F3916-64DB-4515-B677-8F30440EF84C}.Release|x86.ActiveCfg = Release|Any CPU
		{805F3916-64DB-4515-B677-8F30440EF84C}.Release|x86.Build.0 = Release|Any CPU
		{D6B85851-971E-4C14-BA6A-7B1EBB3F3F71}.Debug|Any CPU.ActiveCfg = Debug|Any CPU
		{D6B85851-971E-4C14-BA6A-7B1EBB3F3F71}.Debug|Any CPU.Build.0 = Debug|Any CPU
		{D6B85851-971E-4C14-BA6A-7B1EBB3F3F71}.Debug|Mixed Platforms.ActiveCfg = Debug|Any CPU
		{D6B85851-971E-4C14-BA6A-7B1EBB3F3F71}.Debug|Mixed Platforms.Build.0 = Debug|Any CPU
		{D6B85851-971E-4C14-BA6A-7B1EBB3F3F71}.Debug|x86.ActiveCfg = Debug|Any CPU
		{D6B85851-971E-4C14-BA6A-7B1EBB3F3F71}.Debug|x86.Build.0 = Debug|Any CPU
		{D6B85851-971E-4C14-BA6A-7B1EBB3F3F71}.Release|Any CPU.ActiveCfg = Release|Any CPU
		{D6B85851-971E-4C14-BA6A-7B1EBB3F3F71}.Release|Any CPU.Build.0 = Release|Any CPU
		{D6B85851-971E-4C14-BA6A-7B1EBB3F3F71}.Release|Mixed Platforms.ActiveCfg = Release|Any CPU
		{D6B85851-971E-4C14-BA6A-7B1EBB3F3F71}.Release|Mixed Platforms.Build.0 = Release|Any CPU
		{D6B85851-971E-4C14-BA6A-7B1EBB3F3F71}.Release|x86.ActiveCfg = Release|Any CPU
		{D6B85851-971E-4C14-BA6A-7B1EBB3F3F71}.Release|x86.Build.0 = Release|Any CPU
		{A3289396-E5BA-4275-92E2-F06CACC7749C}.Debug|Any CPU.ActiveCfg = Debug|Any CPU
		{A3289396-E5BA-4275-92E2-F06CACC7749C}.Debug|Any CPU.Build.0 = Debug|Any CPU
		{A3289396-E5BA-4275-92E2-F06CACC7749C}.Debug|Mixed Platforms.ActiveCfg = Debug|Any CPU
		{A3289396-E5BA-4275-92E2-F06CACC7749C}.Debug|Mixed Platforms.Build.0 = Debug|Any CPU
		{A3289396-E5BA-4275-92E2-F06CACC7749C}.Debug|x86.ActiveCfg = Debug|Any CPU
		{A3289396-E5BA-4275-92E2-F06CACC7749C}.Debug|x86.Build.0 = Debug|Any CPU
		{A3289396-E5BA-4275-92E2-F06CACC7749C}.Release|Any CPU.ActiveCfg = Release|Any CPU
		{A3289396-E5BA-4275-92E2-F06CACC7749C}.Release|Any CPU.Build.0 = Release|Any CPU
		{A3289396-E5BA-4275-92E2-F06CACC7749C}.Release|Mixed Platforms.ActiveCfg = Release|Any CPU
		{A3289396-E5BA-4275-92E2-F06CACC7749C}.Release|Mixed Platforms.Build.0 = Release|Any CPU
		{A3289396-E5BA-4275-92E2-F06CACC7749C}.Release|x86.ActiveCfg = Release|Any CPU
		{A3289396-E5BA-4275-92E2-F06CACC7749C}.Release|x86.Build.0 = Release|Any CPU
		{4C980141-CA63-4B31-93D7-A24C4ADF5EAD}.Debug|Any CPU.ActiveCfg = Debug|Any CPU
		{4C980141-CA63-4B31-93D7-A24C4ADF5EAD}.Debug|Any CPU.Build.0 = Debug|Any CPU
		{4C980141-CA63-4B31-93D7-A24C4ADF5EAD}.Debug|Mixed Platforms.ActiveCfg = Debug|Any CPU
		{4C980141-CA63-4B31-93D7-A24C4ADF5EAD}.Debug|Mixed Platforms.Build.0 = Debug|Any CPU
		{4C980141-CA63-4B31-93D7-A24C4ADF5EAD}.Debug|x86.ActiveCfg = Debug|Any CPU
		{4C980141-CA63-4B31-93D7-A24C4ADF5EAD}.Debug|x86.Build.0 = Debug|Any CPU
		{4C980141-CA63-4B31-93D7-A24C4ADF5EAD}.Release|Any CPU.ActiveCfg = Release|Any CPU
		{4C980141-CA63-4B31-93D7-A24C4ADF5EAD}.Release|Any CPU.Build.0 = Release|Any CPU
		{4C980141-CA63-4B31-93D7-A24C4ADF5EAD}.Release|Mixed Platforms.ActiveCfg = Release|Any CPU
		{4C980141-CA63-4B31-93D7-A24C4ADF5EAD}.Release|Mixed Platforms.Build.0 = Release|Any CPU
		{4C980141-CA63-4B31-93D7-A24C4ADF5EAD}.Release|x86.ActiveCfg = Release|Any CPU
		{4C980141-CA63-4B31-93D7-A24C4ADF5EAD}.Release|x86.Build.0 = Release|Any CPU
		{CF033088-58C1-474C-A88F-DC853A1522ED}.Debug|Any CPU.ActiveCfg = Debug|Any CPU
		{CF033088-58C1-474C-A88F-DC853A1522ED}.Debug|Any CPU.Build.0 = Debug|Any CPU
		{CF033088-58C1-474C-A88F-DC853A1522ED}.Debug|Mixed Platforms.ActiveCfg = Debug|Any CPU
		{CF033088-58C1-474C-A88F-DC853A1522ED}.Debug|Mixed Platforms.Build.0 = Debug|Any CPU
		{CF033088-58C1-474C-A88F-DC853A1522ED}.Debug|x86.ActiveCfg = Debug|Any CPU
		{CF033088-58C1-474C-A88F-DC853A1522ED}.Debug|x86.Build.0 = Debug|Any CPU
		{CF033088-58C1-474C-A88F-DC853A1522ED}.Release|Any CPU.ActiveCfg = Release|Any CPU
		{CF033088-58C1-474C-A88F-DC853A1522ED}.Release|Any CPU.Build.0 = Release|Any CPU
		{CF033088-58C1-474C-A88F-DC853A1522ED}.Release|Mixed Platforms.ActiveCfg = Release|Any CPU
		{CF033088-58C1-474C-A88F-DC853A1522ED}.Release|Mixed Platforms.Build.0 = Release|Any CPU
		{CF033088-58C1-474C-A88F-DC853A1522ED}.Release|x86.ActiveCfg = Release|Any CPU
		{CF033088-58C1-474C-A88F-DC853A1522ED}.Release|x86.Build.0 = Release|Any CPU
		{673FF702-FBB9-47FB-BE6F-0E41630F68DC}.Debug|Any CPU.ActiveCfg = Debug|Any CPU
		{673FF702-FBB9-47FB-BE6F-0E41630F68DC}.Debug|Any CPU.Build.0 = Debug|Any CPU
		{673FF702-FBB9-47FB-BE6F-0E41630F68DC}.Debug|Mixed Platforms.ActiveCfg = Debug|Any CPU
		{673FF702-FBB9-47FB-BE6F-0E41630F68DC}.Debug|Mixed Platforms.Build.0 = Debug|Any CPU
		{673FF702-FBB9-47FB-BE6F-0E41630F68DC}.Debug|x86.ActiveCfg = Debug|Any CPU
		{673FF702-FBB9-47FB-BE6F-0E41630F68DC}.Debug|x86.Build.0 = Debug|Any CPU
		{673FF702-FBB9-47FB-BE6F-0E41630F68DC}.Release|Any CPU.ActiveCfg = Release|Any CPU
		{673FF702-FBB9-47FB-BE6F-0E41630F68DC}.Release|Any CPU.Build.0 = Release|Any CPU
		{673FF702-FBB9-47FB-BE6F-0E41630F68DC}.Release|Mixed Platforms.ActiveCfg = Release|Any CPU
		{673FF702-FBB9-47FB-BE6F-0E41630F68DC}.Release|Mixed Platforms.Build.0 = Release|Any CPU
		{673FF702-FBB9-47FB-BE6F-0E41630F68DC}.Release|x86.ActiveCfg = Release|Any CPU
		{673FF702-FBB9-47FB-BE6F-0E41630F68DC}.Release|x86.Build.0 = Release|Any CPU
		{B4018BF1-4807-440D-952A-2EA2AB9608F3}.Debug|Any CPU.ActiveCfg = Debug|Any CPU
		{B4018BF1-4807-440D-952A-2EA2AB9608F3}.Debug|Any CPU.Build.0 = Debug|Any CPU
		{B4018BF1-4807-440D-952A-2EA2AB9608F3}.Debug|Mixed Platforms.ActiveCfg = Debug|Any CPU
		{B4018BF1-4807-440D-952A-2EA2AB9608F3}.Debug|Mixed Platforms.Build.0 = Debug|Any CPU
		{B4018BF1-4807-440D-952A-2EA2AB9608F3}.Debug|x86.ActiveCfg = Debug|Any CPU
		{B4018BF1-4807-440D-952A-2EA2AB9608F3}.Debug|x86.Build.0 = Debug|Any CPU
		{B4018BF1-4807-440D-952A-2EA2AB9608F3}.Release|Any CPU.ActiveCfg = Release|Any CPU
		{B4018BF1-4807-440D-952A-2EA2AB9608F3}.Release|Any CPU.Build.0 = Release|Any CPU
		{B4018BF1-4807-440D-952A-2EA2AB9608F3}.Release|Mixed Platforms.ActiveCfg = Release|Any CPU
		{B4018BF1-4807-440D-952A-2EA2AB9608F3}.Release|Mixed Platforms.Build.0 = Release|Any CPU
		{B4018BF1-4807-440D-952A-2EA2AB9608F3}.Release|x86.ActiveCfg = Release|Any CPU
		{B4018BF1-4807-440D-952A-2EA2AB9608F3}.Release|x86.Build.0 = Release|Any CPU
		{05EA2F9A-8EF5-4BDB-BE6C-49A672051ECE}.Debug|Any CPU.ActiveCfg = Debug|Any CPU
		{05EA2F9A-8EF5-4BDB-BE6C-49A672051ECE}.Debug|Any CPU.Build.0 = Debug|Any CPU
		{05EA2F9A-8EF5-4BDB-BE6C-49A672051ECE}.Debug|Mixed Platforms.ActiveCfg = Debug|Any CPU
		{05EA2F9A-8EF5-4BDB-BE6C-49A672051ECE}.Debug|Mixed Platforms.Build.0 = Debug|Any CPU
		{05EA2F9A-8EF5-4BDB-BE6C-49A672051ECE}.Debug|x86.ActiveCfg = Debug|Any CPU
		{05EA2F9A-8EF5-4BDB-BE6C-49A672051ECE}.Debug|x86.Build.0 = Debug|Any CPU
		{05EA2F9A-8EF5-4BDB-BE6C-49A672051ECE}.Release|Any CPU.ActiveCfg = Release|Any CPU
		{05EA2F9A-8EF5-4BDB-BE6C-49A672051ECE}.Release|Any CPU.Build.0 = Release|Any CPU
		{05EA2F9A-8EF5-4BDB-BE6C-49A672051ECE}.Release|Mixed Platforms.ActiveCfg = Release|Any CPU
		{05EA2F9A-8EF5-4BDB-BE6C-49A672051ECE}.Release|Mixed Platforms.Build.0 = Release|Any CPU
		{05EA2F9A-8EF5-4BDB-BE6C-49A672051ECE}.Release|x86.ActiveCfg = Release|Any CPU
		{05EA2F9A-8EF5-4BDB-BE6C-49A672051ECE}.Release|x86.Build.0 = Release|Any CPU
		{81374682-5F24-402E-A4E0-822AC3005A1A}.Debug|Any CPU.ActiveCfg = Debug|Any CPU
		{81374682-5F24-402E-A4E0-822AC3005A1A}.Debug|Any CPU.Build.0 = Debug|Any CPU
		{81374682-5F24-402E-A4E0-822AC3005A1A}.Debug|Mixed Platforms.ActiveCfg = Debug|Any CPU
		{81374682-5F24-402E-A4E0-822AC3005A1A}.Debug|Mixed Platforms.Build.0 = Debug|Any CPU
		{81374682-5F24-402E-A4E0-822AC3005A1A}.Debug|x86.ActiveCfg = Debug|Any CPU
		{81374682-5F24-402E-A4E0-822AC3005A1A}.Debug|x86.Build.0 = Debug|Any CPU
		{81374682-5F24-402E-A4E0-822AC3005A1A}.Release|Any CPU.ActiveCfg = Release|Any CPU
		{81374682-5F24-402E-A4E0-822AC3005A1A}.Release|Any CPU.Build.0 = Release|Any CPU
		{81374682-5F24-402E-A4E0-822AC3005A1A}.Release|Mixed Platforms.ActiveCfg = Release|Any CPU
		{81374682-5F24-402E-A4E0-822AC3005A1A}.Release|Mixed Platforms.Build.0 = Release|Any CPU
		{81374682-5F24-402E-A4E0-822AC3005A1A}.Release|x86.ActiveCfg = Release|Any CPU
		{81374682-5F24-402E-A4E0-822AC3005A1A}.Release|x86.Build.0 = Release|Any CPU
		{2C2A8857-0E89-4867-99F9-D0CCFA64C3C8}.Debug|Any CPU.ActiveCfg = Debug|Any CPU
		{2C2A8857-0E89-4867-99F9-D0CCFA64C3C8}.Debug|Any CPU.Build.0 = Debug|Any CPU
		{2C2A8857-0E89-4867-99F9-D0CCFA64C3C8}.Debug|Mixed Platforms.ActiveCfg = Debug|Any CPU
		{2C2A8857-0E89-4867-99F9-D0CCFA64C3C8}.Debug|Mixed Platforms.Build.0 = Debug|Any CPU
		{2C2A8857-0E89-4867-99F9-D0CCFA64C3C8}.Debug|x86.ActiveCfg = Debug|Any CPU
		{2C2A8857-0E89-4867-99F9-D0CCFA64C3C8}.Debug|x86.Build.0 = Debug|Any CPU
		{2C2A8857-0E89-4867-99F9-D0CCFA64C3C8}.Release|Any CPU.ActiveCfg = Release|Any CPU
		{2C2A8857-0E89-4867-99F9-D0CCFA64C3C8}.Release|Any CPU.Build.0 = Release|Any CPU
		{2C2A8857-0E89-4867-99F9-D0CCFA64C3C8}.Release|Mixed Platforms.ActiveCfg = Release|Any CPU
		{2C2A8857-0E89-4867-99F9-D0CCFA64C3C8}.Release|Mixed Platforms.Build.0 = Release|Any CPU
		{2C2A8857-0E89-4867-99F9-D0CCFA64C3C8}.Release|x86.ActiveCfg = Release|Any CPU
		{2C2A8857-0E89-4867-99F9-D0CCFA64C3C8}.Release|x86.Build.0 = Release|Any CPU
		{E1334146-C07F-4EAC-AC03-73F8C6E051AE}.Debug|Any CPU.ActiveCfg = Debug|Any CPU
		{E1334146-C07F-4EAC-AC03-73F8C6E051AE}.Debug|Any CPU.Build.0 = Debug|Any CPU
		{E1334146-C07F-4EAC-AC03-73F8C6E051AE}.Debug|Mixed Platforms.ActiveCfg = Debug|Any CPU
		{E1334146-C07F-4EAC-AC03-73F8C6E051AE}.Debug|Mixed Platforms.Build.0 = Debug|Any CPU
		{E1334146-C07F-4EAC-AC03-73F8C6E051AE}.Debug|x86.ActiveCfg = Debug|Any CPU
		{E1334146-C07F-4EAC-AC03-73F8C6E051AE}.Debug|x86.Build.0 = Debug|Any CPU
		{E1334146-C07F-4EAC-AC03-73F8C6E051AE}.Release|Any CPU.ActiveCfg = Release|Any CPU
		{E1334146-C07F-4EAC-AC03-73F8C6E051AE}.Release|Any CPU.Build.0 = Release|Any CPU
		{E1334146-C07F-4EAC-AC03-73F8C6E051AE}.Release|Mixed Platforms.ActiveCfg = Release|Any CPU
		{E1334146-C07F-4EAC-AC03-73F8C6E051AE}.Release|Mixed Platforms.Build.0 = Release|Any CPU
		{E1334146-C07F-4EAC-AC03-73F8C6E051AE}.Release|x86.ActiveCfg = Release|Any CPU
		{E1334146-C07F-4EAC-AC03-73F8C6E051AE}.Release|x86.Build.0 = Release|Any CPU
	EndGlobalSection
	GlobalSection(SolutionProperties) = preSolution
		HideSolutionNode = FALSE
	EndGlobalSection
	GlobalSection(NestedProjects) = preSolution
		{AA62384B-9BEA-4FD8-8EE7-92F26CBD5BF8} = {D51FBAE7-E93D-4024-9FBC-6595B6AA019F}
		{99220D3D-4722-432C-9681-ADFFF2065D68} = {D51FBAE7-E93D-4024-9FBC-6595B6AA019F}
		{B5D4A0EE-0D52-4EE8-829D-48DAF1E56B8E} = {D51FBAE7-E93D-4024-9FBC-6595B6AA019F}
		{F852374C-22BA-4CB6-AA34-DA1A589B9D8D} = {D51FBAE7-E93D-4024-9FBC-6595B6AA019F}
		{A4C9E0B1-7C82-427A-80F1-B548B5A1B1E8} = {D51FBAE7-E93D-4024-9FBC-6595B6AA019F}
		{1A91E8F9-BEFF-4B66-98DF-4BFEE15FA39F} = {D51FBAE7-E93D-4024-9FBC-6595B6AA019F}
		{72E5FF68-A339-4924-85D9-31C32EC540F6} = {D51FBAE7-E93D-4024-9FBC-6595B6AA019F}
		{2104ADE2-996D-4769-B4EE-ADD2FAE011F8} = {D51FBAE7-E93D-4024-9FBC-6595B6AA019F}
		{9AD53694-7256-4635-AEEA-92FF88652713} = {D51FBAE7-E93D-4024-9FBC-6595B6AA019F}
		{9BE0611B-C690-4268-AB56-81D679F07022} = {D51FBAE7-E93D-4024-9FBC-6595B6AA019F}
		{4D15E9B3-ECF3-4267-99A4-83C25FFD8EC4} = {D51FBAE7-E93D-4024-9FBC-6595B6AA019F}
		{71513051-C991-499F-806D-E5A9007A70CA} = {D51FBAE7-E93D-4024-9FBC-6595B6AA019F}
		{F8186B23-B0E1-4646-B5F3-14357841E2BA} = {D51FBAE7-E93D-4024-9FBC-6595B6AA019F}
		{22BBD658-ED3D-49D0-95C8-C6CAB1D3A00B} = {D51FBAE7-E93D-4024-9FBC-6595B6AA019F}
		{C73D3B98-2151-428D-BF17-22965C2597DD} = {D51FBAE7-E93D-4024-9FBC-6595B6AA019F}
		{EF2DD653-FEC0-4FE9-AA36-FF4A8B7565EE} = {D51FBAE7-E93D-4024-9FBC-6595B6AA019F}
		{D7B29853-4F12-4D47-AB9A-9F9A89E41EBC} = {D51FBAE7-E93D-4024-9FBC-6595B6AA019F}
		{805F3916-64DB-4515-B677-8F30440EF84C} = {D51FBAE7-E93D-4024-9FBC-6595B6AA019F}
		{D6B85851-971E-4C14-BA6A-7B1EBB3F3F71} = {D51FBAE7-E93D-4024-9FBC-6595B6AA019F}
		{A3289396-E5BA-4275-92E2-F06CACC7749C} = {D51FBAE7-E93D-4024-9FBC-6595B6AA019F}
		{4C980141-CA63-4B31-93D7-A24C4ADF5EAD} = {D51FBAE7-E93D-4024-9FBC-6595B6AA019F}
		{CF033088-58C1-474C-A88F-DC853A1522ED} = {D51FBAE7-E93D-4024-9FBC-6595B6AA019F}
		{673FF702-FBB9-47FB-BE6F-0E41630F68DC} = {D51FBAE7-E93D-4024-9FBC-6595B6AA019F}
		{B4018BF1-4807-440D-952A-2EA2AB9608F3} = {D51FBAE7-E93D-4024-9FBC-6595B6AA019F}
		{05EA2F9A-8EF5-4BDB-BE6C-49A672051ECE} = {D51FBAE7-E93D-4024-9FBC-6595B6AA019F}
		{81374682-5F24-402E-A4E0-822AC3005A1A} = {D51FBAE7-E93D-4024-9FBC-6595B6AA019F}
		{2C2A8857-0E89-4867-99F9-D0CCFA64C3C8} = {D51FBAE7-E93D-4024-9FBC-6595B6AA019F}
		{E1334146-C07F-4EAC-AC03-73F8C6E051AE} = {D51FBAE7-E93D-4024-9FBC-6595B6AA019F}
	EndGlobalSection
EndGlobal
